
Microsoft Visual Studio Solution File, Format Version 12.00
# Visual Studio Version 16
VisualStudioVersion = 16.0.29009.5
MinimumVisualStudioVersion = 10.0.40219.1
Project("{FAE04EC0-301F-11D3-BF4B-00C04F79EFBC}") = "WordGame", "WordGame.csproj", "{C01E5B95-1D87-4607-A435-41DE27EFEEBF}"
EndProject
Global
	GlobalSection(SolutionConfigurationPlatforms) = preSolution
		Debug|Any CPU = Debug|Any CPU
		Release|Any CPU = Release|Any CPU
	EndGlobalSection
	GlobalSection(ProjectConfigurationPlatforms) = postSolution
		{C01E5B95-1D87-4607-A435-41DE27EFEEBF}.Debug|Any CPU.ActiveCfg = Debug|Any CPU
		{C01E5B95-1D87-4607-A435-41DE27EFEEBF}.Debug|Any CPU.Build.0 = Debug|Any CPU
		{C01E5B95-1D87-4607-A435-41DE27EFEEBF}.Release|Any CPU.ActiveCfg = Release|Any CPU
		{C01E5B95-1D87-4607-A435-41DE27EFEEBF}.Release|Any CPU.Build.0 = Release|Any CPU
	EndGlobalSection
	GlobalSection(SolutionProperties) = preSolution
		HideSolutionNode = FALSE
	EndGlobalSection
	GlobalSection(ExtensibilityGlobals) = postSolution
		SolutionGuid = {0A008A2D-ADA6-430B-B10A-7D15369198E4}
	EndGlobalSection
EndGlobal
